<?xml version="1.0" encoding="utf-8"?>
<Project ToolsVersion="4.0" xmlns="http://schemas.microsoft.com/developer/msbuild/2003">
  <ItemGroup>
    <Filter Include="Файлы исходного кода">
      <UniqueIdentifier>{4FC737F1-C7A5-4376-A066-2A32D752A2FF}</UniqueIdentifier>
      <Extensions>cpp;c;cc;cxx;def;odl;idl;hpj;bat;asm;asmx</Extensions>
    </Filter>
    <Filter Include="Заголовочные файлы">
      <UniqueIdentifier>{93995380-89BD-4b04-88EB-625FBE52EBFB}</UniqueIdentifier>
      <Extensions>h;hpp;hxx;hm;inl;inc;xsd</Extensions>
    </Filter>
    <Filter Include="Файлы ресурсов">
      <UniqueIdentifier>{67DA6AB6-F800-4c08-8B7A-83BB121AAD01}</UniqueIdentifier>
      <Extensions>rc;ico;cur;bmp;dlg;rc2;rct;bin;rgs;gif;jpg;jpeg;jpe;resx;tiff;tif;png;wav;mfcribbon-ms</Extensions>
    </Filter>
    <Filter Include="Shaders">
      <UniqueIdentifier>{7bc131be-5f7a-4757-931b-dd0362c1e190}</UniqueIdentifier>
    </Filter>
    <Filter Include="Заголовочные файлы\Back">
      <UniqueIdentifier>{8765617c-7dd5-464c-a411-6bbea438505c}</UniqueIdentifier>
    </Filter>
    <Filter Include="Заголовочные файлы\Effect">
      <UniqueIdentifier>{0c3a8b44-5938-4c51-bc17-af8dbbe34283}</UniqueIdentifier>
    </Filter>
    <Filter Include="Файлы исходного кода\Back">
      <UniqueIdentifier>{2073bead-b18e-4104-b786-9fb58464d9ba}</UniqueIdentifier>
    </Filter>
    <Filter Include="Файлы исходного кода\Effect">
      <UniqueIdentifier>{8edd1d7a-3578-4ad5-9060-55cc9cc23b26}</UniqueIdentifier>
    </Filter>
    <Filter Include="Заголовочные файлы\Cam">
      <UniqueIdentifier>{d53311fc-908f-47bd-a04a-c61d54ca0560}</UniqueIdentifier>
    </Filter>
    <Filter Include="Заголовочные файлы\Math">
      <UniqueIdentifier>{21fd3022-8a47-42aa-91c5-7ed719aee731}</UniqueIdentifier>
    </Filter>
    <Filter Include="Файлы исходного кода\Cam">
      <UniqueIdentifier>{e550a5cd-213d-49be-b6e9-b818eaa35363}</UniqueIdentifier>
    </Filter>
    <Filter Include="Файлы исходного кода\Math">
      <UniqueIdentifier>{cd43eca3-5a00-4d54-b003-1dead592312e}</UniqueIdentifier>
    </Filter>
    <Filter Include="TempShaders">
      <UniqueIdentifier>{4c46f098-5a69-4a96-bdfa-5fbc9680a99b}</UniqueIdentifier>
    </Filter>
    <Filter Include="Файлы исходного кода\Effect\ShadowMap">
      <UniqueIdentifier>{30107729-9efe-4495-9e54-8e1af1732b51}</UniqueIdentifier>
    </Filter>
    <Filter Include="Файлы исходного кода\Model">
      <UniqueIdentifier>{25332977-92eb-45f1-b68c-be90e08d8165}</UniqueIdentifier>
    </Filter>
    <Filter Include="Файлы исходного кода\Model\Texture">
      <UniqueIdentifier>{4c10c92d-9f4f-45d0-a0c1-06d3fbd97b12}</UniqueIdentifier>
    </Filter>
    <Filter Include="Заголовочные файлы\Effect\ShadowMap">
      <UniqueIdentifier>{1399faa0-4e20-4098-845e-819bc6e581ea}</UniqueIdentifier>
    </Filter>
    <Filter Include="Заголовочные файлы\Effect\Light">
      <UniqueIdentifier>{7c411778-77fe-46d2-b3d0-56aa0dccb527}</UniqueIdentifier>
    </Filter>
    <Filter Include="Заголовочные файлы\Model">
      <UniqueIdentifier>{d401d9a8-18a7-41e0-965f-936cb965e08c}</UniqueIdentifier>
    </Filter>
    <Filter Include="Заголовочные файлы\Model\Texture">
      <UniqueIdentifier>{c5063798-6845-42f3-af14-f93db0b5faa7}</UniqueIdentifier>
    </Filter>
    <Filter Include="Shaders\Light">
      <UniqueIdentifier>{b4760b97-5e7a-44aa-9d55-f84d59f9325c}</UniqueIdentifier>
    </Filter>
    <Filter Include="Shaders\ShadowMap">
      <UniqueIdentifier>{90ed9536-fdfe-40fd-8700-613b98cfae50}</UniqueIdentifier>
    </Filter>
    <Filter Include="Shaders\SkyBox">
      <UniqueIdentifier>{3010268e-6a6e-4720-8fd5-925f2edee5f4}</UniqueIdentifier>
    </Filter>
    <Filter Include="Заголовочные файлы\Effect\SkyBox">
      <UniqueIdentifier>{be896234-7844-4541-9bbd-cb3a2a0e17fc}</UniqueIdentifier>
    </Filter>
    <Filter Include="Заголовочные файлы\SkyBox">
      <UniqueIdentifier>{2360e55f-8f0c-4210-88cb-88c9ac6be520}</UniqueIdentifier>
    </Filter>
    <Filter Include="Заголовочные файлы\SkyBox\CubeMap">
      <UniqueIdentifier>{e4f1c50e-6794-46ed-872b-bf042588bdbc}</UniqueIdentifier>
    </Filter>
    <Filter Include="Файлы исходного кода\Effect\SkyBox">
      <UniqueIdentifier>{c7c1a2db-2dea-40b8-a1db-23af0c0553aa}</UniqueIdentifier>
    </Filter>
    <Filter Include="Файлы исходного кода\Effect\Light">
      <UniqueIdentifier>{ed0e37e6-faa3-4a18-8514-8c3e5f309d9a}</UniqueIdentifier>
    </Filter>
    <Filter Include="Файлы исходного кода\SkyBox">
      <UniqueIdentifier>{9bfb338a-1b6e-4501-866a-dc36361aa591}</UniqueIdentifier>
    </Filter>
    <Filter Include="Файлы исходного кода\SkyBox\CubeMap">
      <UniqueIdentifier>{02347cfd-45ed-4d52-b7d0-9afdfd5d0257}</UniqueIdentifier>
    </Filter>
  </ItemGroup>
  <ItemGroup>
    <ClCompile Include="main.cpp">
      <Filter>Файлы исходного кода</Filter>
    </ClCompile>
    <ClCompile Include="glut_backend.cpp">
      <Filter>Файлы исходного кода\Back</Filter>
    </ClCompile>
    <ClCompile Include="technique.cpp">
      <Filter>Файлы исходного кода\Effect</Filter>
    </ClCompile>
    <ClCompile Include="camera.cpp">
      <Filter>Файлы исходного кода\Cam</Filter>
    </ClCompile>
    <ClCompile Include="texture.cpp">
      <Filter>Файлы исходного кода\Model\Texture</Filter>
    </ClCompile>
    <ClCompile Include="math3d.cpp">
      <Filter>Файлы исходного кода\Math</Filter>
    </ClCompile>
    <ClCompile Include="pipeline.cpp">
      <Filter>Файлы исходного кода\Math</Filter>
    </ClCompile>
    <ClCompile Include="shadow_map_fbo.cpp">
      <Filter>Файлы исходного кода\Effect\ShadowMap</Filter>
    </ClCompile>
    <ClCompile Include="shadow_map_technique.cpp">
      <Filter>Файлы исходного кода\Effect\ShadowMap</Filter>
    </ClCompile>
    <ClCompile Include="mesh.cpp">
      <Filter>Файлы исходного кода\Model</Filter>
    </ClCompile>
    <ClCompile Include="cubemap_texture.cpp">
      <Filter>Файлы исходного кода\SkyBox\CubeMap</Filter>
    </ClCompile>
    <ClCompile Include="skybox_technique.cpp">
      <Filter>Файлы исходного кода\Effect\SkyBox</Filter>
    </ClCompile>
    <ClCompile Include="lighting_technique.cpp">
      <Filter>Файлы исходного кода\Effect\Light</Filter>
    </ClCompile>
    <ClCompile Include="skybox.cpp">
      <Filter>Файлы исходного кода\SkyBox</Filter>
    </ClCompile>
  </ItemGroup>
  <ItemGroup>
    <ClInclude Include="callback.h">
      <Filter>Заголовочные файлы\Back</Filter>
    </ClInclude>
    <ClInclude Include="glut_backend.h">
      <Filter>Заголовочные файлы\Back</Filter>
    </ClInclude>
    <ClInclude Include="technique.h">
      <Filter>Заголовочные файлы\Effect</Filter>
    </ClInclude>
    <ClInclude Include="camera.h">
      <Filter>Заголовочные файлы\Cam</Filter>
    </ClInclude>
    <ClInclude Include="texture.h">
      <Filter>Заголовочные файлы\Model\Texture</Filter>
    </ClInclude>
    <ClInclude Include="math3d.h">
      <Filter>Заголовочные файлы\Math</Filter>
    </ClInclude>
    <ClInclude Include="pipeline.h">
      <Filter>Заголовочные файлы\Math</Filter>
    </ClInclude>
    <ClInclude Include="utils.h">
      <Filter>Заголовочные файлы\Back</Filter>
    </ClInclude>
    <ClInclude Include="shadow_map_fbo.h">
      <Filter>Заголовочные файлы\Effect\ShadowMap</Filter>
    </ClInclude>
    <ClInclude Include="shadow_map_technique.h">
      <Filter>Заголовочные файлы\Effect\ShadowMap</Filter>
    </ClInclude>
    <ClInclude Include="lighting_technique.h">
      <Filter>Заголовочные файлы\Effect\Light</Filter>
    </ClInclude>
    <ClInclude Include="mesh.h">
      <Filter>Заголовочные файлы\Model</Filter>
    </ClInclude>
    <ClInclude Include="main.h">
      <Filter>Заголовочные файлы</Filter>
    </ClInclude>
    <ClInclude Include="cubemap_texture.h">
      <Filter>Заголовочные файлы\SkyBox\CubeMap</Filter>
    </ClInclude>
    <ClInclude Include="skybox_technique.h">
      <Filter>Заголовочные файлы\Effect\SkyBox</Filter>
    </ClInclude>
    <ClInclude Include="skybox.h">
      <Filter>Заголовочные файлы\SkyBox</Filter>
    </ClInclude>
  </ItemGroup>
  <ItemGroup>
    <None Include="FS_Fail.glsl">
      <Filter>TempShaders</Filter>
    </None>
    <None Include="temp.glsl">
      <Filter>TempShaders</Filter>
    </None>
    <None Include="FS.glsl">
      <Filter>Shaders\Light</Filter>
    </None>
    <None Include="VS.glsl">
      <Filter>Shaders\Light</Filter>
    </None>
    <None Include="FS_shadow_map.glsl">
      <Filter>Shaders\ShadowMap</Filter>
    </None>
    <None Include="VS_shadow_map.glsl">
      <Filter>Shaders\ShadowMap</Filter>
    </None>
    <None Include="VS_skybox.glsl">
      <Filter>Shaders\SkyBox</Filter>
    </None>
    <None Include="FS_skybox.glsl">
      <Filter>Shaders\SkyBox</Filter>
    </None>
  </ItemGroup>
</Project>